
Microsoft Visual Studio Solution File, Format Version 12.00
# Visual Studio Version 16
VisualStudioVersion = 16.0.30002.166
MinimumVisualStudioVersion = 10.0.40219.1
Project("{2150E333-8FDC-42A3-9474-1A3956D46DE8}") = "src", "src", "{C350B558-03D4-4C35-99BA-3BAEF25DD7D1}"
EndProject
Project("{2150E333-8FDC-42A3-9474-1A3956D46DE8}") = "Building Blocks", "Building Blocks", "{C2709CB5-1EC2-4F4F-8EC3-19A5F02B8A4C}"
EndProject
Project("{2150E333-8FDC-42A3-9474-1A3956D46DE8}") = "Services", "Services", "{2DF47EDC-6E9D-4DA5-B0CF-F3631022A24E}"
EndProject
Project("{2150E333-8FDC-42A3-9474-1A3956D46DE8}") = "Web", "Web", "{D2D5BDC9-7F35-45BB-9D3F-58B19DFDE1C4}"
EndProject
Project("{2150E333-8FDC-42A3-9474-1A3956D46DE8}") = "MVC", "MVC", "{1B7D5FAF-8E1F-486C-90B1-D5844D161BD1}"
EndProject
Project("{FAE04EC0-301F-11D3-BF4B-00C04F79EFBC}") = "NSE.WebApp.MVC", "src\Web\NSE.WebApp.MVC\NSE.WebApp.MVC.csproj", "{AAD54FFC-7725-4D53-A262-181F56214734}"
EndProject
Project("{2150E333-8FDC-42A3-9474-1A3956D46DE8}") = "Identidade", "Identidade", "{926D8109-5A25-414C-A3A9-939D9DA69B23}"
EndProject
Project("{FAE04EC0-301F-11D3-BF4B-00C04F79EFBC}") = "NSE.Identidade.API", "src\services\NSE.Identidade.API\NSE.Identidade.API.csproj", "{531DABDA-F4B2-48EC-B902-6633E82CA388}"
EndProject
Project("{2150E333-8FDC-42A3-9474-1A3956D46DE8}") = "Core", "Core", "{F183F4D6-DD37-47CB-A076-B03C21F3902B}"
EndProject
Project("{FAE04EC0-301F-11D3-BF4B-00C04F79EFBC}") = "NSE.Core", "src\Building Blocks\NSE.Core\NSE.Core.csproj", "{7362354E-6B23-4DF1-AFA4-93278E4B209A}"
EndProject
Project("{2150E333-8FDC-42A3-9474-1A3956D46DE8}") = "Carrinho", "Carrinho", "{C0EF18CC-9A13-4A21-9676-14A9766B29B4}"
EndProject
Project("{2150E333-8FDC-42A3-9474-1A3956D46DE8}") = "Catalogo", "Catalogo", "{1D620B86-B158-4BFC-98EA-38A6988E78F1}"
EndProject
Project("{2150E333-8FDC-42A3-9474-1A3956D46DE8}") = "Cliente", "Cliente", "{71B99B19-6225-4AED-9263-62CE38CA7098}"
EndProject
Project("{2150E333-8FDC-42A3-9474-1A3956D46DE8}") = "Pagamento", "Pagamento", "{9B49DD7A-F276-4BC0-AB75-A04A43F56EF8}"
EndProject
Project("{2150E333-8FDC-42A3-9474-1A3956D46DE8}") = "Pedido", "Pedido", "{4C71BBCE-CB38-4FEB-B407-E55A86C1E851}"
EndProject
Project("{FAE04EC0-301F-11D3-BF4B-00C04F79EFBC}") = "NSE.Carrinho.API", "src\services\NSE.Carrinho.API\NSE.Carrinho.API.csproj", "{93FA7F91-FC76-49CD-9CA5-42F0CBA5059E}"
EndProject
Project("{FAE04EC0-301F-11D3-BF4B-00C04F79EFBC}") = "NSE.Catalogo.API", "src\services\NSE.Catalogo.API\NSE.Catalogo.API.csproj", "{03E2AC23-086A-4AA8-BDAF-1BF27BF85BBA}"
EndProject
Project("{FAE04EC0-301F-11D3-BF4B-00C04F79EFBC}") = "NSE.Cliente.API", "src\services\NSE.Cliente.API\NSE.Cliente.API.csproj", "{50CD26E0-6D8F-4B99-9C51-1ABE1539AE88}"
EndProject
Project("{FAE04EC0-301F-11D3-BF4B-00C04F79EFBC}") = "NSE.Pagamento.API", "src\services\NSE.Pagamento.API\NSE.Pagamento.API.csproj", "{1DAE3B55-B211-45E1-A873-95E3EFC3AD24}"
EndProject
Project("{FAE04EC0-301F-11D3-BF4B-00C04F79EFBC}") = "NSE.Pedido.API", "src\services\NSE.Pedido.API\NSE.Pedido.API.csproj", "{FB812979-AD6A-4820-9E7E-1D08DD38F961}"
EndProject
Global
	GlobalSection(SolutionConfigurationPlatforms) = preSolution
		Debug|Any CPU = Debug|Any CPU
		Release|Any CPU = Release|Any CPU
	EndGlobalSection
	GlobalSection(ProjectConfigurationPlatforms) = postSolution
		{AAD54FFC-7725-4D53-A262-181F56214734}.Debug|Any CPU.ActiveCfg = Debug|Any CPU
		{AAD54FFC-7725-4D53-A262-181F56214734}.Debug|Any CPU.Build.0 = Debug|Any CPU
		{AAD54FFC-7725-4D53-A262-181F56214734}.Release|Any CPU.ActiveCfg = Release|Any CPU
		{AAD54FFC-7725-4D53-A262-181F56214734}.Release|Any CPU.Build.0 = Release|Any CPU
		{531DABDA-F4B2-48EC-B902-6633E82CA388}.Debug|Any CPU.ActiveCfg = Debug|Any CPU
		{531DABDA-F4B2-48EC-B902-6633E82CA388}.Debug|Any CPU.Build.0 = Debug|Any CPU
		{531DABDA-F4B2-48EC-B902-6633E82CA388}.Release|Any CPU.ActiveCfg = Release|Any CPU
		{531DABDA-F4B2-48EC-B902-6633E82CA388}.Release|Any CPU.Build.0 = Release|Any CPU
		{7362354E-6B23-4DF1-AFA4-93278E4B209A}.Debug|Any CPU.ActiveCfg = Debug|Any CPU
		{7362354E-6B23-4DF1-AFA4-93278E4B209A}.Debug|Any CPU.Build.0 = Debug|Any CPU
		{7362354E-6B23-4DF1-AFA4-93278E4B209A}.Release|Any CPU.ActiveCfg = Release|Any CPU
		{7362354E-6B23-4DF1-AFA4-93278E4B209A}.Release|Any CPU.Build.0 = Release|Any CPU
		{93FA7F91-FC76-49CD-9CA5-42F0CBA5059E}.Debug|Any CPU.ActiveCfg = Debug|Any CPU
		{93FA7F91-FC76-49CD-9CA5-42F0CBA5059E}.Debug|Any CPU.Build.0 = Debug|Any CPU
		{93FA7F91-FC76-49CD-9CA5-42F0CBA5059E}.Release|Any CPU.ActiveCfg = Release|Any CPU
		{93FA7F91-FC76-49CD-9CA5-42F0CBA5059E}.Release|Any CPU.Build.0 = Release|Any CPU
		{03E2AC23-086A-4AA8-BDAF-1BF27BF85BBA}.Debug|Any CPU.ActiveCfg = Debug|Any CPU
		{03E2AC23-086A-4AA8-BDAF-1BF27BF85BBA}.Debug|Any CPU.Build.0 = Debug|Any CPU
		{03E2AC23-086A-4AA8-BDAF-1BF27BF85BBA}.Release|Any CPU.ActiveCfg = Release|Any CPU
		{03E2AC23-086A-4AA8-BDAF-1BF27BF85BBA}.Release|Any CPU.Build.0 = Release|Any CPU
		{50CD26E0-6D8F-4B99-9C51-1ABE1539AE88}.Debug|Any CPU.ActiveCfg = Debug|Any CPU
		{50CD26E0-6D8F-4B99-9C51-1ABE1539AE88}.Debug|Any CPU.Build.0 = Debug|Any CPU
		{50CD26E0-6D8F-4B99-9C51-1ABE1539AE88}.Release|Any CPU.ActiveCfg = Release|Any CPU
		{50CD26E0-6D8F-4B99-9C51-1ABE1539AE88}.Release|Any CPU.Build.0 = Release|Any CPU
		{1DAE3B55-B211-45E1-A873-95E3EFC3AD24}.Debug|Any CPU.ActiveCfg = Debug|Any CPU
		{1DAE3B55-B211-45E1-A873-95E3EFC3AD24}.Debug|Any CPU.Build.0 = Debug|Any CPU
		{1DAE3B55-B211-45E1-A873-95E3EFC3AD24}.Release|Any CPU.ActiveCfg = Release|Any CPU
		{1DAE3B55-B211-45E1-A873-95E3EFC3AD24}.Release|Any CPU.Build.0 = Release|Any CPU
		{FB812979-AD6A-4820-9E7E-1D08DD38F961}.Debug|Any CPU.ActiveCfg = Debug|Any CPU
		{FB812979-AD6A-4820-9E7E-1D08DD38F961}.Debug|Any CPU.Build.0 = Debug|Any CPU
		{FB812979-AD6A-4820-9E7E-1D08DD38F961}.Release|Any CPU.ActiveCfg = Release|Any CPU
		{FB812979-AD6A-4820-9E7E-1D08DD38F961}.Release|Any CPU.Build.0 = Release|Any CPU
	EndGlobalSection
	GlobalSection(SolutionProperties) = preSolution
		HideSolutionNode = FALSE
	EndGlobalSection
	GlobalSection(NestedProjects) = preSolution
		{C2709CB5-1EC2-4F4F-8EC3-19A5F02B8A4C} = {C350B558-03D4-4C35-99BA-3BAEF25DD7D1}
		{2DF47EDC-6E9D-4DA5-B0CF-F3631022A24E} = {C350B558-03D4-4C35-99BA-3BAEF25DD7D1}
		{D2D5BDC9-7F35-45BB-9D3F-58B19DFDE1C4} = {C350B558-03D4-4C35-99BA-3BAEF25DD7D1}
		{1B7D5FAF-8E1F-486C-90B1-D5844D161BD1} = {D2D5BDC9-7F35-45BB-9D3F-58B19DFDE1C4}
		{AAD54FFC-7725-4D53-A262-181F56214734} = {1B7D5FAF-8E1F-486C-90B1-D5844D161BD1}
		{926D8109-5A25-414C-A3A9-939D9DA69B23} = {2DF47EDC-6E9D-4DA5-B0CF-F3631022A24E}
		{531DABDA-F4B2-48EC-B902-6633E82CA388} = {926D8109-5A25-414C-A3A9-939D9DA69B23}
		{F183F4D6-DD37-47CB-A076-B03C21F3902B} = {C2709CB5-1EC2-4F4F-8EC3-19A5F02B8A4C}
		{7362354E-6B23-4DF1-AFA4-93278E4B209A} = {F183F4D6-DD37-47CB-A076-B03C21F3902B}
		{C0EF18CC-9A13-4A21-9676-14A9766B29B4} = {2DF47EDC-6E9D-4DA5-B0CF-F3631022A24E}
		{1D620B86-B158-4BFC-98EA-38A6988E78F1} = {2DF47EDC-6E9D-4DA5-B0CF-F3631022A24E}
		{71B99B19-6225-4AED-9263-62CE38CA7098} = {2DF47EDC-6E9D-4DA5-B0CF-F3631022A24E}
		{9B49DD7A-F276-4BC0-AB75-A04A43F56EF8} = {2DF47EDC-6E9D-4DA5-B0CF-F3631022A24E}
		{4C71BBCE-CB38-4FEB-B407-E55A86C1E851} = {2DF47EDC-6E9D-4DA5-B0CF-F3631022A24E}
		{93FA7F91-FC76-49CD-9CA5-42F0CBA5059E} = {C0EF18CC-9A13-4A21-9676-14A9766B29B4}
		{03E2AC23-086A-4AA8-BDAF-1BF27BF85BBA} = {1D620B86-B158-4BFC-98EA-38A6988E78F1}
		{50CD26E0-6D8F-4B99-9C51-1ABE1539AE88} = {71B99B19-6225-4AED-9263-62CE38CA7098}
		{1DAE3B55-B211-45E1-A873-95E3EFC3AD24} = {9B49DD7A-F276-4BC0-AB75-A04A43F56EF8}
		{FB812979-AD6A-4820-9E7E-1D08DD38F961} = {4C71BBCE-CB38-4FEB-B407-E55A86C1E851}
	EndGlobalSection
	GlobalSection(ExtensibilityGlobals) = postSolution
		SolutionGuid = {9A71269C-A2C1-4FA8-AE55-54055C82AA19}
	EndGlobalSection
EndGlobal
